{
  "name": "fleek-project",
  "version": "1.0.0",
  "lockfileVersion": 1,
  "requires": true,
  "dependencies": {
    "@fleekhq/space-client": {
      "version": "1.0.3",
      "resolved": "https://registry.npmjs.org/@fleekhq/space-client/-/space-client-1.0.3.tgz",
      "integrity": "sha512-H9XlAf4kiX6qo3dEmT7/Fr1K444ClzAVKwEVwMrE701Hp2QiFyunRiG8S01l2zYtS3dNsUHlqJmMniVKvkzwUw==",
      "requires": {
        "@types/google-protobuf": "^3.7.2",
        "google-protobuf": "^3.12.2",
        "grpc-web": "^1.2.0"
      }
    },
    "@types/google-protobuf": {
      "version": "3.7.3",
      "resolved": "https://registry.npmjs.org/@types/google-protobuf/-/google-protobuf-3.7.3.tgz",
      "integrity": "sha512-FRwj40euE2bYkG+0X5w2nEA8yAzgJRcEa7RBd0Gsdkb9/tPM2pctVVAvnOUTbcXo2VmIHPo0Ae94Gl9vRHfKzg=="
    },
    "amdefine": {
      "version": "1.0.1",
      "resolved": "https://registry.npmjs.org/amdefine/-/amdefine-1.0.1.tgz",
      "integrity": "sha1-SlKCrBZHKek2Gbz9OtFR+BfOkfU="
    },
    "async": {
      "version": "0.2.10",
      "resolved": "https://registry.npmjs.org/async/-/async-0.2.10.tgz",
      "integrity": "sha1-trvgsGdLnXGXCMo43owjfLUmw9E="
    },
    "google-protobuf": {
      "version": "3.13.0",
      "resolved": "https://registry.npmjs.org/google-protobuf/-/google-protobuf-3.13.0.tgz",
      "integrity": "sha512-ZIf3qfLFayVrPvAjeKKxO5FRF1/NwRxt6Dko+fWEMuHwHbZx8/fcaAao9b0wCM6kr8qeg2te8XTpyuvKuD9aKw=="
    },
    "grpc-web": {
      "version": "1.2.1",
      "resolved": "https://registry.npmjs.org/grpc-web/-/grpc-web-1.2.1.tgz",
      "integrity": "sha512-ibBaJPzfMVuLPgaST9w0kZl60s+SnkPBQp6QKdpEr85tpc1gXW2QDqSne9xiyiym0logDfdUSm4aX5h9YBA2mw=="
    },
    "optimist": {
      "version": "0.3.7",
      "resolved": "https://registry.npmjs.org/optimist/-/optimist-0.3.7.tgz",
      "integrity": "sha1-yQlBrVnkJzMokjB00s8ufLxuwNk=",
      "requires": {
        "wordwrap": "~0.0.2"
      }
    },
    "require": {
      "version": "2.4.20",
      "resolved": "https://registry.npmjs.org/require/-/require-2.4.20.tgz",
      "integrity": "sha1-Zstrqqu2XeinHXk/XGX9GE83mLY=",
      "requires": {
        "std": "0.1.40",
        "uglify-js": "2.3.0"
      }
    },
    "source-map": {
      "version": "0.1.43",
      "resolved": "https://registry.npmjs.org/source-map/-/source-map-0.1.43.tgz",
      "integrity": "sha1-wkvBRspRfBRx9drL4lcbK3+eM0Y=",
      "requires": {
        "amdefine": ">=0.0.4"
      }
    },
    "std": {
      "version": "0.1.40",
      "resolved": "https://registry.npmjs.org/std/-/std-0.1.40.tgz",
      "integrity": "sha1-Nnil9lCU2eG2teJu2/wCErg0K3E="
    },
    "uglify-js": {
      "version": "2.3.0",
      "resolved": "https://registry.npmjs.org/uglify-js/-/uglify-js-2.3.0.tgz",
      "integrity": "sha1-LN7BbTeKiituz7aYl4TPi3rlSR8=",
      "requires": {
        "async": "~0.2.6",
        "optimist": "~0.3.5",
        "source-map": "~0.1.7"
      }
    },
    "wordwrap": {
      "version": "0.0.3",
      "resolved": "https://registry.npmjs.org/wordwrap/-/wordwrap-0.0.3.tgz",
      "integrity": "sha1-o9XabNXAvAAI03I0u68b7WMFkQc="
    },
    "xmlhttprequest": {
      "version": "1.8.0",
      "resolved": "https://registry.npmjs.org/xmlhttprequest/-/xmlhttprequest-1.8.0.tgz",
      "integrity": "sha1-Z/4HXFwk/vOfnWX197f+dRcZaPw="
    }
  }
}
